PODS:
  - AppCenter (5.0.4):
    - AppCenter/Analytics (= 5.0.4)
    - AppCenter/Crashes (= 5.0.4)
  - AppCenter/Analytics (5.0.4):
    - AppCenter/Core
  - AppCenter/Core (5.0.4)
  - AppCenter/Crashes (5.0.4):
    - AppCenter/Core

DEPENDENCIES:
  - AppCenter

SPEC REPOS:
  trunk:
    - AppCenter

SPEC CHECKSUMS:
  AppCenter: 85c92db0759d2792a65eb61d6842d2e86611a49a

PODFILE CHECKSUM: f6389a4f5b538c4a35eb2610f28ebf74316c9603

COCOAPODS: 1.14.2
